
Microsoft Visual Studio Solution File, Format Version 12.00
# Visual Studio Version 17
VisualStudioVersion = 17.6.33712.159
MinimumVisualStudioVersion = 10.0.40219.1
Project("{FAE04EC0-301F-11D3-BF4B-00C04F79EFBC}") = "Dotnet8API", "Dotnet8API\Dotnet8API.csproj", "{65C8FB34-BD06-47CA-930C-BE0B8DB5137E}"
EndProject
Global
	GlobalSection(SolutionConfigurationPlatforms) = preSolution
		Debug|Any CPU = Debug|Any CPU
		Release|Any CPU = Release|Any CPU
	EndGlobalSection
	GlobalSection(ProjectConfigurationPlatforms) = postSolution
		{65C8FB34-BD06-47CA-930C-BE0B8DB5137E}.Debug|Any CPU.ActiveCfg = Debug|Any CPU
		{65C8FB34-BD06-47CA-930C-BE0B8DB5137E}.Debug|Any CPU.Build.0 = Debug|Any CPU
		{65C8FB34-BD06-47CA-930C-BE0B8DB5137E}.Release|Any CPU.ActiveCfg = Release|Any CPU
		{65C8FB34-BD06-47CA-930C-BE0B8DB5137E}.Release|Any CPU.Build.0 = Release|Any CPU
	EndGlobalSection
	GlobalSection(SolutionProperties) = preSolution
		HideSolutionNode = FALSE
	EndGlobalSection
	GlobalSection(ExtensibilityGlobals) = postSolution
		SolutionGuid = {F96FF2F2-0F06-49B7-9441-49EB347514A9}
	EndGlobalSection
EndGlobal
